
Microsoft Visual Studio Solution File, Format Version 12.00
# Visual Studio Version 16
VisualStudioVersion = 16.0.31729.503
MinimumVisualStudioVersion = 10.0.40219.1
Project("{FAE04EC0-301F-11D3-BF4B-00C04F79EFBC}") = "Reservations", "Reservations.csproj", "{7D61A32C-0F21-453F-A981-BD8E5A3A5305}"
EndProject
Global
	GlobalSection(SolutionConfigurationPlatforms) = preSolution
		Debug|Any CPU = Debug|Any CPU
		Release|Any CPU = Release|Any CPU
	EndGlobalSection
	GlobalSection(ProjectConfigurationPlatforms) = postSolution
		{7D61A32C-0F21-453F-A981-BD8E5A3A5305}.Debug|Any CPU.ActiveCfg = Debug|Any CPU
		{7D61A32C-0F21-453F-A981-BD8E5A3A5305}.Debug|Any CPU.Build.0 = Debug|Any CPU
		{7D61A32C-0F21-453F-A981-BD8E5A3A5305}.Release|Any CPU.ActiveCfg = Release|Any CPU
		{7D61A32C-0F21-453F-A981-BD8E5A3A5305}.Release|Any CPU.Build.0 = Release|Any CPU
	EndGlobalSection
	GlobalSection(SolutionProperties) = preSolution
		HideSolutionNode = FALSE
	EndGlobalSection
	GlobalSection(ExtensibilityGlobals) = postSolution
		SolutionGuid = {E0647341-3E9F-4A30-9873-8F48AA76918A}
	EndGlobalSection
EndGlobal
